// !$*UTF8*$!
{
	archiveVersion = 1;
	classes = {
	};
	objectVersion = 77;
	objects = {

/* Begin PBXContainerItemProxy section */
		FB8762882CB7376300C7AFB1 /* PBXContainerItemProxy */ = {
			isa = PBXContainerItemProxy;
			containerPortal = FB87626F2CB7376200C7AFB1 /* Project object */;
			proxyType = 1;
			remoteGlobalIDString = FB8762762CB7376200C7AFB1;
			remoteInfo = PapaloteMenuLista;
		};
		FB8762922CB7376300C7AFB1 /* PBXContainerItemProxy */ = {
			isa = PBXContainerItemProxy;
			containerPortal = FB87626F2CB7376200C7AFB1 /* Project object */;
			proxyType = 1;
			remoteGlobalIDString = FB8762762CB7376200C7AFB1;
			remoteInfo = PapaloteMenuLista;
		};
/* End PBXContainerItemProxy section */

/* Begin PBXFileReference section */
		FB8762772CB7376200C7AFB1 /* PapaloteMenuLista.app */ = {isa = PBXFileReference; explicitFileType = wrapper.application; includeInIndex = 0; path = PapaloteMenuLista.app; sourceTree = BUILT_PRODUCTS_DIR; };
		FB8762872CB7376300C7AFB1 /* PapaloteMenuListaTests.xctest */ = {isa = PBXFileReference; explicitFileType = wrapper.cfbundle; includeInIndex = 0; path = PapaloteMenuListaTests.xctest; sourceTree = BUILT_PRODUCTS_DIR; };
		FB8762912CB7376300C7AFB1 /* PapaloteMenuListaUITests.xctest */ = {isa = PBXFileReference; explicitFileType = wrapper.cfbundle; includeInIndex = 0; path = PapaloteMenuListaUITests.xctest; sourceTree = BUILT_PRODUCTS_DIR; };
/* End PBXFileReference section */

/* Begin PBXFileSystemSynchronizedRootGroup section */
		FB8762792CB7376200C7AFB1 /* PapaloteMenuLista */ = {
			isa = PBXFileSystemSynchronizedRootGroup;
			path = PapaloteMenuLista;
			sourceTree = "<group>";
		};
		FB87628A2CB7376300C7AFB1 /* PapaloteMenuListaTests */ = {
			isa = PBXFileSystemSynchronizedRootGroup;
			path = PapaloteMenuListaTests;
			sourceTree = "<group>";
		};
		FB8762942CB7376300C7AFB1 /* PapaloteMenuListaUITests */ = {
			isa = PBXFileSystemSynchronizedRootGroup;
			path = PapaloteMenuListaUITests;
			sourceTree = "<group>";
		};
/* End PBXFileSystemSynchronizedRootGroup section */

/* Begin PBXFrameworksBuildPhase section */
		FB8762742CB7376200C7AFB1 /* Frameworks */ = {
			isa = PBXFrameworksBuildPhase;
			buildActionMask = 2147483647;
			files = (
			);
			runOnlyForDeploymentPostprocessing = 0;
		};
		FB8762842CB7376300C7AFB1 /* Frameworks */ = {
			isa = PBXFrameworksBuildPhase;
			buildActionMask = 2147483647;
			files = (
			);
			runOnlyForDeploymentPostprocessing = 0;
		};
		FB87628E2CB7376300C7AFB1 /* Frameworks */ = {
			isa = PBXFrameworksBuildPhase;
			buildActionMask = 2147483647;
			files = (
			);
			runOnlyForDeploymentPostprocessing = 0;
		};
/* End PBXFrameworksBuildPhase section */

/* Begin PBXGroup section */
		FB87626E2CB7376200C7AFB1 = {
			isa = PBXGroup;
			children = (
				FB8762792CB7376200C7AFB1 /* PapaloteMenuLista */,
				FB87628A2CB7376300C7AFB1 /* PapaloteMenuListaTests */,
				FB8762942CB7376300C7AFB1 /* PapaloteMenuListaUITests */,
				FB8762782CB7376200C7AFB1 /* Products */,
			);
			sourceTree = "<group>";
		};
		FB8762782CB7376200C7AFB1 /* Products */ = {
			isa = PBXGroup;
			children = (
				FB8762772CB7376200C7AFB1 /* PapaloteMenuLista.app */,
				FB8762872CB7376300C7AFB1 /* PapaloteMenuListaTests.xctest */,
				FB8762912CB7376300C7AFB1 /* PapaloteMenuListaUITests.xctest */,
			);
			name = Products;
			sourceTree = "<group>";
		};
/* End PBXGroup section */

/* Begin PBXNativeTarget section */
		FB8762762CB7376200C7AFB1 /* PapaloteMenuLista */ = {
			isa = PBXNativeTarget;
			buildConfigurationList = FB87629B2CB7376300C7AFB1 /* Build configuration list for PBXNativeTarget "PapaloteMenuLista" */;
			buildPhases = (
				FB8762732CB7376200C7AFB1 /* Sources */,
				FB8762742CB7376200C7AFB1 /* Frameworks */,
				FB8762752CB7376200C7AFB1 /* Resources */,
			);
			buildRules = (
			);
			dependencies = (
			);
			fileSystemSynchronizedGroups = (
				FB8762792CB7376200C7AFB1 /* PapaloteMenuLista */,
			);
			name = PapaloteMenuLista;
			packageProductDependencies = (
			);
			productName = PapaloteMenuLista;
			productReference = FB8762772CB7376200C7AFB1 /* PapaloteMenuLista.app */;
			productType = "com.apple.product-type.application";
		};
		FB8762862CB7376300C7AFB1 /* PapaloteMenuListaTests */ = {
			isa = PBXNativeTarget;
			buildConfigurationList = FB87629E2CB7376300C7AFB1 /* Build configuration list for PBXNativeTarget "PapaloteMenuListaTests" */;
			buildPhases = (
				FB8762832CB7376300C7AFB1 /* Sources */,
				FB8762842CB7376300C7AFB1 /* Frameworks */,
				FB8762852CB7376300C7AFB1 /* Resources */,
			);
			buildRules = (
			);
			dependencies = (
				FB8762892CB7376300C7AFB1 /* PBXTargetDependency */,
			);
			fileSystemSynchronizedGroups = (
				FB87628A2CB7376300C7AFB1 /* PapaloteMenuListaTests */,
			);
			name = PapaloteMenuListaTests;
			packageProductDependencies = (
			);
			productName = PapaloteMenuListaTests;
			productReference = FB8762872CB7376300C7AFB1 /* PapaloteMenuListaTests.xctest */;
			productType = "com.apple.product-type.bundle.unit-test";
		};
		FB8762902CB7376300C7AFB1 /* PapaloteMenuListaUITests */ = {
			isa = PBXNativeTarget;
			buildConfigurationList = FB8762A12CB7376300C7AFB1 /* Build configuration list for PBXNativeTarget "PapaloteMenuListaUITests" */;
			buildPhases = (
				FB87628D2CB7376300C7AFB1 /* Sources */,
				FB87628E2CB7376300C7AFB1 /* Frameworks */,
				FB87628F2CB7376300C7AFB1 /* Resources */,
			);
			buildRules = (
			);
			dependencies = (
				FB8762932CB7376300C7AFB1 /* PBXTargetDependency */,
			);
			fileSystemSynchronizedGroups = (
				FB8762942CB7376300C7AFB1 /* PapaloteMenuListaUITests */,
			);
			name = PapaloteMenuListaUITests;
			packageProductDependencies = (
			);
			productName = PapaloteMenuListaUITests;
			productReference = FB8762912CB7376300C7AFB1 /* PapaloteMenuListaUITests.xctest */;
			productType = "com.apple.product-type.bundle.ui-testing";
		};
/* End PBXNativeTarget section */

/* Begin PBXProject section */
		FB87626F2CB7376200C7AFB1 /* Project object */ = {
			isa = PBXProject;
			attributes = {
				BuildIndependentTargetsInParallel = 1;
				LastSwiftUpdateCheck = 1600;
				LastUpgradeCheck = 1600;
				TargetAttributes = {
					FB8762762CB7376200C7AFB1 = {
						CreatedOnToolsVersion = 16.0;
					};
					FB8762862CB7376300C7AFB1 = {
						CreatedOnToolsVersion = 16.0;
						TestTargetID = FB8762762CB7376200C7AFB1;
					};
					FB8762902CB7376300C7AFB1 = {
						CreatedOnToolsVersion = 16.0;
						TestTargetID = FB8762762CB7376200C7AFB1;
					};
				};
			};
			buildConfigurationList = FB8762722CB7376200C7AFB1 /* Build configuration list for PBXProject "PapaloteMenuLista" */;
			developmentRegion = en;
			hasScannedForEncodings = 0;
			knownRegions = (
				en,
				Base,
			);
			mainGroup = FB87626E2CB7376200C7AFB1;
			minimizedProjectReferenceProxies = 1;
			preferredProjectObjectVersion = 77;
			productRefGroup = FB8762782CB7376200C7AFB1 /* Products */;
			projectDirPath = "";
			projectRoot = "";
			targets = (
				FB8762762CB7376200C7AFB1 /* PapaloteMenuLista */,
				FB8762862CB7376300C7AFB1 /* PapaloteMenuListaTests */,
				FB8762902CB7376300C7AFB1 /* PapaloteMenuListaUITests */,
			);
		};
/* End PBXProject section */

/* Begin PBXResourcesBuildPhase section */
		FB8762752CB7376200C7AFB1 /* Resources */ = {
			isa = PBXResourcesBuildPhase;
			buildActionMask = 2147483647;
			files = (
			);
			runOnlyForDeploymentPostprocessing = 0;
		};
		FB8762852CB7376300C7AFB1 /* Resources */ = {
			isa = PBXResourcesBuildPhase;
			buildActionMask = 2147483647;
			files = (
			);
			runOnlyForDeploymentPostprocessing = 0;
		};
		FB87628F2CB7376300C7AFB1 /* Resources */ = {
			isa = PBXResourcesBuildPhase;
			buildActionMask = 2147483647;
			files = (
			);
			runOnlyForDeploymentPostprocessing = 0;
		};
/* End PBXResourcesBuildPhase section */

/* Begin PBXSourcesBuildPhase section */
		FB8762732CB7376200C7AFB1 /* Sources */ = {
			isa = PBXSourcesBuildPhase;
			buildActionMask = 2147483647;
			files = (
			);
			runOnlyForDeploymentPostprocessing = 0;
		};
		FB8762832CB7376300C7AFB1 /* Sources */ = {
			isa = PBXSourcesBuildPhase;
			buildActionMask = 2147483647;
			files = (
			);
			runOnlyForDeploymentPostprocessing = 0;
		};
		FB87628D2CB7376300C7AFB1 /* Sources */ = {
			isa = PBXSourcesBuildPhase;
			buildActionMask = 2147483647;
			files = (
			);
			runOnlyForDeploymentPostprocessing = 0;
		};
/* End PBXSourcesBuildPhase section */

/* Begin PBXTargetDependency section */
		FB8762892CB7376300C7AFB1 /* PBXTargetDependency */ = {
			isa = PBXTargetDependency;
			target = FB8762762CB7376200C7AFB1 /* PapaloteMenuLista */;
			targetProxy = FB8762882CB7376300C7AFB1 /* PBXContainerItemProxy */;
		};
		FB8762932CB7376300C7AFB1 /* PBXTargetDependency */ = {
			isa = PBXTargetDependency;
			target = FB8762762CB7376200C7AFB1 /* PapaloteMenuLista */;
			targetProxy = FB8762922CB7376300C7AFB1 /* PBXContainerItemProxy */;
		};
/* End PBXTargetDependency section */

/* Begin XCBuildConfiguration section */
		FB8762992CB7376300C7AFB1 /* Debug */ = {
			isa = XCBuildConfiguration;
			buildSettings = {
				ALWAYS_SEARCH_USER_PATHS = NO;
				ASSETCATALOG_COMPILER_GENERATE_SWIFT_ASSET_SYMBOL_EXTENSIONS = YES;
				CLANG_ANALYZER_NONNULL = YES;
				CLANG_ANALYZER_NUMBER_OBJECT_CONVERSION = YES_AGGRESSIVE;
				CLANG_CXX_LANGUAGE_STANDARD = "gnu++20";
				CLANG_ENABLE_MODULES = YES;
				CLANG_ENABLE_OBJC_ARC = YES;
				CLANG_ENABLE_OBJC_WEAK = YES;
				CLANG_WARN_BLOCK_CAPTURE_AUTORELEASING = YES;
				CLANG_WARN_BOOL_CONVERSION = YES;
				CLANG_WARN_COMMA = YES;
				CLANG_WARN_CONSTANT_CONVERSION = YES;
				CLANG_WARN_DEPRECATED_OBJC_IMPLEMENTATIONS = YES;
				CLANG_WARN_DIRECT_OBJC_ISA_USAGE = YES_ERROR;
				CLANG_WARN_DOCUMENTATION_COMMENTS = YES;
				CLANG_WARN_EMPTY_BODY = YES;
				CLANG_WARN_ENUM_CONVERSION = YES;
				CLANG_WARN_INFINITE_RECURSION = YES;
				CLANG_WARN_INT_CONVERSION = YES;
				CLANG_WARN_NON_LITERAL_NULL_CONVERSION = YES;
				CLANG_WARN_OBJC_IMPLICIT_RETAIN_SELF = YES;
				CLANG_WARN_OBJC_LITERAL_CONVERSION = YES;
				CLANG_WARN_OBJC_ROOT_CLASS = YES_ERROR;
				CLANG_WARN_QUOTED_INCLUDE_IN_FRAMEWORK_HEADER = YES;
				CLANG_WARN_RANGE_LOOP_ANALYSIS = YES;
				CLANG_WARN_STRICT_PROTOTYPES = YES;
				CLANG_WARN_SUSPICIOUS_MOVE = YES;
				CLANG_WARN_UNGUARDED_AVAILABILITY = YES_AGGRESSIVE;
				CLANG_WARN_UNREACHABLE_CODE = YES;
				CLANG_WARN__DUPLICATE_METHOD_MATCH = YES;
				COPY_PHASE_STRIP = NO;
				DEBUG_INFORMATION_FORMAT = dwarf;
				ENABLE_STRICT_OBJC_MSGSEND = YES;
				ENABLE_TESTABILITY = YES;
				ENABLE_USER_SCRIPT_SANDBOXING = YES;
				GCC_C_LANGUAGE_STANDARD = gnu17;
				GCC_DYNAMIC_NO_PIC = NO;
				GCC_NO_COMMON_BLOCKS = YES;
				GCC_OPTIMIZATION_LEVEL = 0;
				GCC_PREPROCESSOR_DEFINITIONS = (
					"DEBUG=1",
					"$(inherited)",
				);
				GCC_WARN_64_TO_32_BIT_CONVERSION = YES;
				GCC_WARN_ABOUT_RETURN_TYPE = YES_ERROR;
				GCC_WARN_UNDECLARED_SELECTOR = YES;
				GCC_WARN_UNINITIALIZED_AUTOS = YES_AGGRESSIVE;
				GCC_WARN_UNUSED_FUNCTION = YES;
				GCC_WARN_UNUSED_VARIABLE = YES;
				IPHONEOS_DEPLOYMENT_TARGET = 18.0;
				LOCALIZATION_PREFERS_STRING_CATALOGS = YES;
				MTL_ENABLE_DEBUG_INFO = INCLUDE_SOURCE;
				MTL_FAST_MATH = YES;
				ONLY_ACTIVE_ARCH = YES;
				SDKROOT = iphoneos;
				SWIFT_ACTIVE_COMPILATION_CONDITIONS = "DEBUG $(inherited)";
				SWIFT_OPTIMIZATION_LEVEL = "-Onone";
			};
			name = Debug;
		};
		FB87629A2CB7376300C7AFB1 /* Release */ = {
			isa = XCBuildConfiguration;
			buildSettings = {
				ALWAYS_SEARCH_USER_PATHS = NO;
				ASSETCATALOG_COMPILER_GENERATE_SWIFT_ASSET_SYMBOL_EXTENSIONS = YES;
				CLANG_ANALYZER_NONNULL = YES;
				CLANG_ANALYZER_NUMBER_OBJECT_CONVERSION = YES_AGGRESSIVE;
				CLANG_CXX_LANGUAGE_STANDARD = "gnu++20";
				CLANG_ENABLE_MODULES = YES;
				CLANG_ENABLE_OBJC_ARC = YES;
				CLANG_ENABLE_OBJC_WEAK = YES;
				CLANG_WARN_BLOCK_CAPTURE_AUTORELEASING = YES;
				CLANG_WARN_BOOL_CONVERSION = YES;
				CLANG_WARN_COMMA = YES;
				CLANG_WARN_CONSTANT_CONVERSION = YES;
				CLANG_WARN_DEPRECATED_OBJC_IMPLEMENTATIONS = YES;
				CLANG_WARN_DIRECT_OBJC_ISA_USAGE = YES_ERROR;
				CLANG_WARN_DOCUMENTATION_COMMENTS = YES;
				CLANG_WARN_EMPTY_BODY = YES;
				CLANG_WARN_ENUM_CONVERSION = YES;
				CLANG_WARN_INFINITE_RECURSION = YES;
				CLANG_WARN_INT_CONVERSION = YES;
				CLANG_WARN_NON_LITERAL_NULL_CONVERSION = YES;
				CLANG_WARN_OBJC_IMPLICIT_RETAIN_SELF = YES;
				CLANG_WARN_OBJC_LITERAL_CONVERSION = YES;
				CLANG_WARN_OBJC_ROOT_CLASS = YES_ERROR;
				CLANG_WARN_QUOTED_INCLUDE_IN_FRAMEWORK_HEADER = YES;
				CLANG_WARN_RANGE_LOOP_ANALYSIS = YES;
				CLANG_WARN_STRICT_PROTOTYPES = YES;
				CLANG_WARN_SUSPICIOUS_MOVE = YES;
				CLANG_WARN_UNGUARDED_AVAILABILITY = YES_AGGRESSIVE;
				CLANG_WARN_UNREACHABLE_CODE = YES;
				CLANG_WARN__DUPLICATE_METHOD_MATCH = YES;
				COPY_PHASE_STRIP = NO;
				DEBUG_INFORMATION_FORMAT = "dwarf-with-dsym";
				ENABLE_NS_ASSERTIONS = NO;
				ENABLE_STRICT_OBJC_MSGSEND = YES;
				ENABLE_USER_SCRIPT_SANDBOXING = YES;
				GCC_C_LANGUAGE_STANDARD = gnu17;
				GCC_NO_COMMON_BLOCKS = YES;
				GCC_WARN_64_TO_32_BIT_CONVERSION = YES;
				GCC_WARN_ABOUT_RETURN_TYPE = YES_ERROR;
				GCC_WARN_UNDECLARED_SELECTOR = YES;
				GCC_WARN_UNINITIALIZED_AUTOS = YES_AGGRESSIVE;
				GCC_WARN_UNUSED_FUNCTION = YES;
				GCC_WARN_UNUSED_VARIABLE = YES;
				IPHONEOS_DEPLOYMENT_TARGET = 18.0;
				LOCALIZATION_PREFERS_STRING_CATALOGS = YES;
				MTL_ENABLE_DEBUG_INFO = NO;
				MTL_FAST_MATH = YES;
				SDKROOT = iphoneos;
				SWIFT_COMPILATION_MODE = wholemodule;
				VALIDATE_PRODUCT = YES;
			};
			name = Release;
		};
		FB87629C2CB7376300C7AFB1 /* Debug */ = {
			isa = XCBuildConfiguration;
			buildSettings = {
				ASSETCATALOG_COMPILER_APPICON_NAME = AppIcon;
				ASSETCATALOG_COMPILER_GLOBAL_ACCENT_COLOR_NAME = AccentColor;
				CODE_SIGN_STYLE = Automatic;
				CURRENT_PROJECT_VERSION = 1;
				DEVELOPMENT_ASSET_PATHS = "\"PapaloteMenuLista/Preview Content\"";
				ENABLE_PREVIEWS = YES;
				GENERATE_INFOPLIST_FILE = YES;
				INFOPLIST_KEY_UIApplicationSceneManifest_Generation = YES;
				INFOPLIST_KEY_UIApplicationSupportsIndirectInputEvents = YES;
				INFOPLIST_KEY_UILaunchScreen_Generation = YES;
				INFOPLIST_KEY_UISupportedInterfaceOrientations_iPad = "UIInterfaceOrientationPortrait UIInterfaceOrientationPortraitUpsideDown UIInterfaceOrientationLandscapeLeft UIInterfaceOrientationLandscapeRight";
				INFOPLIST_KEY_UISupportedInterfaceOrientations_iPhone = "UIInterfaceOrientationPortrait UIInterfaceOrientationLandscapeLeft UIInterfaceOrientationLandscapeRight";
				LD_RUNPATH_SEARCH_PATHS = (
					"$(inherited)",
					"@executable_path/Frameworks",
				);
				MARKETING_VERSION = 1.0;
				PRODUCT_BUNDLE_IDENTIFIER = Tec.mx.PapaloteMenuLista;
				PRODUCT_NAME = "$(TARGET_NAME)";
				SWIFT_EMIT_LOC_STRINGS = YES;
				SWIFT_VERSION = 5.0;
				TARGETED_DEVICE_FAMILY = "1,2";
			};
			name = Debug;
		};
		FB87629D2CB7376300C7AFB1 /* Release */ = {
			isa = XCBuildConfiguration;
			buildSettings = {
				ASSETCATALOG_COMPILER_APPICON_NAME = AppIcon;
				ASSETCATALOG_COMPILER_GLOBAL_ACCENT_COLOR_NAME = AccentColor;
				CODE_SIGN_STYLE = Automatic;
				CURRENT_PROJECT_VERSION = 1;
				DEVELOPMENT_ASSET_PATHS = "\"PapaloteMenuLista/Preview Content\"";
				ENABLE_PREVIEWS = YES;
				GENERATE_INFOPLIST_FILE = YES;
				INFOPLIST_KEY_UIApplicationSceneManifest_Generation = YES;
				INFOPLIST_KEY_UIApplicationSupportsIndirectInputEvents = YES;
				INFOPLIST_KEY_UILaunchScreen_Generation = YES;
				INFOPLIST_KEY_UISupportedInterfaceOrientations_iPad = "UIInterfaceOrientationPortrait UIInterfaceOrientationPortraitUpsideDown UIInterfaceOrientationLandscapeLeft UIInterfaceOrientationLandscapeRight";
				INFOPLIST_KEY_UISupportedInterfaceOrientations_iPhone = "UIInterfaceOrientationPortrait UIInterfaceOrientationLandscapeLeft UIInterfaceOrientationLandscapeRight";
				LD_RUNPATH_SEARCH_PATHS = (
					"$(inherited)",
					"@executable_path/Frameworks",
				);
				MARKETING_VERSION = 1.0;
				PRODUCT_BUNDLE_IDENTIFIER = Tec.mx.PapaloteMenuLista;
				PRODUCT_NAME = "$(TARGET_NAME)";
				SWIFT_EMIT_LOC_STRINGS = YES;
				SWIFT_VERSION = 5.0;
				TARGETED_DEVICE_FAMILY = "1,2";
			};
			name = Release;
		};
		FB87629F2CB7376300C7AFB1 /* Debug */ = {
			isa = XCBuildConfiguration;
			buildSettings = {
				BUNDLE_LOADER = "$(TEST_HOST)";
				CODE_SIGN_STYLE = Automatic;
				CURRENT_PROJECT_VERSION = 1;
				GENERATE_INFOPLIST_FILE = YES;
				IPHONEOS_DEPLOYMENT_TARGET = 18.0;
				MARKETING_VERSION = 1.0;
				PRODUCT_BUNDLE_IDENTIFIER = Tec.mx.PapaloteMenuListaTests;
				PRODUCT_NAME = "$(TARGET_NAME)";
				SWIFT_EMIT_LOC_STRINGS = NO;
				SWIFT_VERSION = 5.0;
				TARGETED_DEVICE_FAMILY = "1,2";
				TEST_HOST = "$(BUILT_PRODUCTS_DIR)/PapaloteMenuLista.app/$(BUNDLE_EXECUTABLE_FOLDER_PATH)/PapaloteMenuLista";
			};
			name = Debug;
		};
		FB8762A02CB7376300C7AFB1 /* Release */ = {
			isa = XCBuildConfiguration;
			buildSettings = {
				BUNDLE_LOADER = "$(TEST_HOST)";
				CODE_SIGN_STYLE = Automatic;
				CURRENT_PROJECT_VERSION = 1;
				GENERATE_INFOPLIST_FILE = YES;
				IPHONEOS_DEPLOYMENT_TARGET = 18.0;
				MARKETING_VERSION = 1.0;
				PRODUCT_BUNDLE_IDENTIFIER = Tec.mx.PapaloteMenuListaTests;
				PRODUCT_NAME = "$(TARGET_NAME)";
				SWIFT_EMIT_LOC_STRINGS = NO;
				SWIFT_VERSION = 5.0;
				TARGETED_DEVICE_FAMILY = "1,2";
				TEST_HOST = "$(BUILT_PRODUCTS_DIR)/PapaloteMenuLista.app/$(BUNDLE_EXECUTABLE_FOLDER_PATH)/PapaloteMenuLista";
			};
			name = Release;
		};
		FB8762A22CB7376300C7AFB1 /* Debug */ = {
			isa = XCBuildConfiguration;
			buildSettings = {
				CODE_SIGN_STYLE = Automatic;
				CURRENT_PROJECT_VERSION = 1;
				GENERATE_INFOPLIST_FILE = YES;
				MARKETING_VERSION = 1.0;
				PRODUCT_BUNDLE_IDENTIFIER = Tec.mx.PapaloteMenuListaUITests;
				PRODUCT_NAME = "$(TARGET_NAME)";
				SWIFT_EMIT_LOC_STRINGS = NO;
				SWIFT_VERSION = 5.0;
				TARGETED_DEVICE_FAMILY = "1,2";
				TEST_TARGET_NAME = PapaloteMenuLista;
			};
			name = Debug;
		};
		FB8762A32CB7376300C7AFB1 /* Release */ = {
			isa = XCBuildConfiguration;
			buildSettings = {
				CODE_SIGN_STYLE = Automatic;
				CURRENT_PROJECT_VERSION = 1;
				GENERATE_INFOPLIST_FILE = YES;
				MARKETING_VERSION = 1.0;
				PRODUCT_BUNDLE_IDENTIFIER = Tec.mx.PapaloteMenuListaUITests;
				PRODUCT_NAME = "$(TARGET_NAME)";
				SWIFT_EMIT_LOC_STRINGS = NO;
				SWIFT_VERSION = 5.0;
				TARGETED_DEVICE_FAMILY = "1,2";
				TEST_TARGET_NAME = PapaloteMenuLista;
			};
			name = Release;
		};
/* End XCBuildConfiguration section */

/* Begin XCConfigurationList section */
		FB8762722CB7376200C7AFB1 /* Build configuration list for PBXProject "PapaloteMenuLista" */ = {
			isa = XCConfigurationList;
			buildConfigurations = (
				FB8762992CB7376300C7AFB1 /* Debug */,
				FB87629A2CB7376300C7AFB1 /* Release */,
			);
			defaultConfigurationIsVisible = 0;
			defaultConfigurationName = Release;
		};
		FB87629B2CB7376300C7AFB1 /* Build configuration list for PBXNativeTarget "PapaloteMenuLista" */ = {
			isa = XCConfigurationList;
			buildConfigurations = (
				FB87629C2CB7376300C7AFB1 /* Debug */,
				FB87629D2CB7376300C7AFB1 /* Release */,
			);
			defaultConfigurationIsVisible = 0;
			defaultConfigurationName = Release;
		};
		FB87629E2CB7376300C7AFB1 /* Build configuration list for PBXNativeTarget "PapaloteMenuListaTests" */ = {
			isa = XCConfigurationList;
			buildConfigurations = (
				FB87629F2CB7376300C7AFB1 /* Debug */,
				FB8762A02CB7376300C7AFB1 /* Release */,
			);
			defaultConfigurationIsVisible = 0;
			defaultConfigurationName = Release;
		};
		FB8762A12CB7376300C7AFB1 /* Build configuration list for PBXNativeTarget "PapaloteMenuListaUITests" */ = {
			isa = XCConfigurationList;
			buildConfigurations = (
				FB8762A22CB7376300C7AFB1 /* Debug */,
				FB8762A32CB7376300C7AFB1 /* Release */,
			);
			defaultConfigurationIsVisible = 0;
			defaultConfigurationName = Release;
		};
/* End XCConfigurationList section */
	};
	rootObject = FB87626F2CB7376200C7AFB1 /* Project object */;
}
